
Microsoft Visual Studio Solution File, Format Version 12.00
# Visual Studio Express 2012 for Windows Desktop
Project("{FAE04EC0-301F-11D3-BF4B-00C04F79EFBC}") = "Floyd_Steinberg_Dithering", "Floyd_Steinberg_Dithering\Floyd_Steinberg_Dithering.csproj", "{0403C1CF-C163-4D64-B314-E9C501AFD247}"
EndProject
Global
	GlobalSection(SolutionConfigurationPlatforms) = preSolution
		Debug|Any CPU = Debug|Any CPU
		Release|Any CPU = Release|Any CPU
	EndGlobalSection
	GlobalSection(ProjectConfigurationPlatforms) = postSolution
		{0403C1CF-C163-4D64-B314-E9C501AFD247}.Debug|Any CPU.ActiveCfg = Debug|Any CPU
		{0403C1CF-C163-4D64-B314-E9C501AFD247}.Debug|Any CPU.Build.0 = Debug|Any CPU
		{0403C1CF-C163-4D64-B314-E9C501AFD247}.Debug|Any CPU.Deploy.0 = Debug|Any CPU
		{0403C1CF-C163-4D64-B314-E9C501AFD247}.Release|Any CPU.ActiveCfg = Release|Any CPU
		{0403C1CF-C163-4D64-B314-E9C501AFD247}.Release|Any CPU.Build.0 = Release|Any CPU
		{0403C1CF-C163-4D64-B314-E9C501AFD247}.Release|Any CPU.Deploy.0 = Release|Any CPU
	EndGlobalSection
	GlobalSection(SolutionProperties) = preSolution
		HideSolutionNode = FALSE
	EndGlobalSection
EndGlobal
